
Microsoft Visual Studio Solution File, Format Version 12.00
# Visual Studio Version 16
VisualStudioVersion = 16.0.30011.22
MinimumVisualStudioVersion = 10.0.40219.1
Project("{F184B08F-C81C-45F6-A57F-5ABD9991F28F}") = "G5_VB", "G5_VB.vbproj", "{00FED8D8-7A4F-479B-AAFB-1342A0D682B6}"
EndProject
Global
	GlobalSection(SolutionConfigurationPlatforms) = preSolution
		Debug|Any CPU = Debug|Any CPU
		Release|Any CPU = Release|Any CPU
	EndGlobalSection
	GlobalSection(ProjectConfigurationPlatforms) = postSolution
		{00FED8D8-7A4F-479B-AAFB-1342A0D682B6}.Debug|Any CPU.ActiveCfg = Debug|Any CPU
		{00FED8D8-7A4F-479B-AAFB-1342A0D682B6}.Debug|Any CPU.Build.0 = Debug|Any CPU
		{00FED8D8-7A4F-479B-AAFB-1342A0D682B6}.Release|Any CPU.ActiveCfg = Release|Any CPU
		{00FED8D8-7A4F-479B-AAFB-1342A0D682B6}.Release|Any CPU.Build.0 = Release|Any CPU
	EndGlobalSection
	GlobalSection(SolutionProperties) = preSolution
		HideSolutionNode = FALSE
	EndGlobalSection
	GlobalSection(ExtensibilityGlobals) = postSolution
		SolutionGuid = {5954FCEE-D523-48D0-B544-31763837EF82}
	EndGlobalSection
EndGlobal
